
Microsoft Visual Studio Solution File, Format Version 12.00
# Visual Studio Version 17
VisualStudioVersion = 17.13.35825.156 d17.13
MinimumVisualStudioVersion = 10.0.40219.1
Project("{8BC9CEB8-8B4A-11D0-8D11-00A0C91BC942}") = "Assignment 2.1", "Assignment 2.1.vcxproj", "{BD9F42EB-36F8-41FF-88DC-EBA82403EA4A}"
EndProject
Global
	GlobalSection(SolutionConfigurationPlatforms) = preSolution
		Debug|x64 = Debug|x64
		Debug|x86 = Debug|x86
		Release|x64 = Release|x64
		Release|x86 = Release|x86
	EndGlobalSection
	GlobalSection(ProjectConfigurationPlatforms) = postSolution
		{BD9F42EB-36F8-41FF-88DC-EBA82403EA4A}.Debug|x64.ActiveCfg = Debug|x64
		{BD9F42EB-36F8-41FF-88DC-EBA82403EA4A}.Debug|x64.Build.0 = Debug|x64
		{BD9F42EB-36F8-41FF-88DC-EBA82403EA4A}.Debug|x86.ActiveCfg = Debug|Win32
		{BD9F42EB-36F8-41FF-88DC-EBA82403EA4A}.Debug|x86.Build.0 = Debug|Win32
		{BD9F42EB-36F8-41FF-88DC-EBA82403EA4A}.Release|x64.ActiveCfg = Release|x64
		{BD9F42EB-36F8-41FF-88DC-EBA82403EA4A}.Release|x64.Build.0 = Release|x64
		{BD9F42EB-36F8-41FF-88DC-EBA82403EA4A}.Release|x86.ActiveCfg = Release|Win32
		{BD9F42EB-36F8-41FF-88DC-EBA82403EA4A}.Release|x86.Build.0 = Release|Win32
	EndGlobalSection
	GlobalSection(SolutionProperties) = preSolution
		HideSolutionNode = FALSE
	EndGlobalSection
	GlobalSection(ExtensibilityGlobals) = postSolution
		SolutionGuid = {E134EDC7-F703-4371-8421-539519472956}
	EndGlobalSection
EndGlobal
